
Microsoft Visual Studio Solution File, Format Version 12.00
# Visual Studio Version 16
VisualStudioVersion = 16.0.30320.27
MinimumVisualStudioVersion = 10.0.40219.1
Project("{9A19103F-16F7-4668-BE54-9A1E7A4F7556}") = "Shop.Server", "Shop\Server\Shop.Server.csproj", "{062E59BF-EB73-42B6-B750-5DE48A1AD964}"
EndProject
Project("{9A19103F-16F7-4668-BE54-9A1E7A4F7556}") = "Shop.Client", "Shop\Client\Shop.Client.csproj", "{7BF3BC12-AC60-4D64-B52A-2E8AE0DB6D11}"
EndProject
Project("{9A19103F-16F7-4668-BE54-9A1E7A4F7556}") = "Shop.Shared", "Shop\Shared\Shop.Shared.csproj", "{5DDB01DB-8973-4528-A06C-FBBEB2298254}"
EndProject
Global
	GlobalSection(SolutionConfigurationPlatforms) = preSolution
		Debug|Any CPU = Debug|Any CPU
		Release|Any CPU = Release|Any CPU
	EndGlobalSection
	GlobalSection(ProjectConfigurationPlatforms) = postSolution
		{062E59BF-EB73-42B6-B750-5DE48A1AD964}.Debug|Any CPU.ActiveCfg = Debug|Any CPU
		{062E59BF-EB73-42B6-B750-5DE48A1AD964}.Debug|Any CPU.Build.0 = Debug|Any CPU
		{062E59BF-EB73-42B6-B750-5DE48A1AD964}.Release|Any CPU.ActiveCfg = Release|Any CPU
		{062E59BF-EB73-42B6-B750-5DE48A1AD964}.Release|Any CPU.Build.0 = Release|Any CPU
		{7BF3BC12-AC60-4D64-B52A-2E8AE0DB6D11}.Debug|Any CPU.ActiveCfg = Debug|Any CPU
		{7BF3BC12-AC60-4D64-B52A-2E8AE0DB6D11}.Debug|Any CPU.Build.0 = Debug|Any CPU
		{7BF3BC12-AC60-4D64-B52A-2E8AE0DB6D11}.Release|Any CPU.ActiveCfg = Release|Any CPU
		{7BF3BC12-AC60-4D64-B52A-2E8AE0DB6D11}.Release|Any CPU.Build.0 = Release|Any CPU
		{5DDB01DB-8973-4528-A06C-FBBEB2298254}.Debug|Any CPU.ActiveCfg = Debug|Any CPU
		{5DDB01DB-8973-4528-A06C-FBBEB2298254}.Debug|Any CPU.Build.0 = Debug|Any CPU
		{5DDB01DB-8973-4528-A06C-FBBEB2298254}.Release|Any CPU.ActiveCfg = Release|Any CPU
		{5DDB01DB-8973-4528-A06C-FBBEB2298254}.Release|Any CPU.Build.0 = Release|Any CPU
	EndGlobalSection
	GlobalSection(SolutionProperties) = preSolution
		HideSolutionNode = FALSE
	EndGlobalSection
	GlobalSection(ExtensibilityGlobals) = postSolution
		SolutionGuid = {12EC7427-6F53-4C79-B0FC-F166299707C5}
	EndGlobalSection
EndGlobal
