
Microsoft Visual Studio Solution File, Format Version 12.00
# Visual Studio Version 16
VisualStudioVersion = 16.0.30320.27
MinimumVisualStudioVersion = 10.0.40219.1
Project("{9A19103F-16F7-4668-BE54-9A1E7A4F7556}") = "Shop.API", "Shop.API\Shop.API.csproj", "{C84F41A6-EFA1-40C7-B6E5-A50513FFF0E8}"
EndProject
Project("{FAE04EC0-301F-11D3-BF4B-00C04F79EFBC}") = "Shop.Client", "Shop.Client\Shop.Client.csproj", "{02ABA60D-E040-4608-9B55-2212C69C2C8C}"
EndProject
Global
	GlobalSection(SolutionConfigurationPlatforms) = preSolution
		Debug|Any CPU = Debug|Any CPU
		Release|Any CPU = Release|Any CPU
	EndGlobalSection
	GlobalSection(ProjectConfigurationPlatforms) = postSolution
		{C84F41A6-EFA1-40C7-B6E5-A50513FFF0E8}.Debug|Any CPU.ActiveCfg = Debug|Any CPU
		{C84F41A6-EFA1-40C7-B6E5-A50513FFF0E8}.Debug|Any CPU.Build.0 = Debug|Any CPU
		{C84F41A6-EFA1-40C7-B6E5-A50513FFF0E8}.Release|Any CPU.ActiveCfg = Release|Any CPU
		{C84F41A6-EFA1-40C7-B6E5-A50513FFF0E8}.Release|Any CPU.Build.0 = Release|Any CPU
		{02ABA60D-E040-4608-9B55-2212C69C2C8C}.Debug|Any CPU.ActiveCfg = Debug|Any CPU
		{02ABA60D-E040-4608-9B55-2212C69C2C8C}.Debug|Any CPU.Build.0 = Debug|Any CPU
		{02ABA60D-E040-4608-9B55-2212C69C2C8C}.Release|Any CPU.ActiveCfg = Release|Any CPU
		{02ABA60D-E040-4608-9B55-2212C69C2C8C}.Release|Any CPU.Build.0 = Release|Any CPU
	EndGlobalSection
	GlobalSection(SolutionProperties) = preSolution
		HideSolutionNode = FALSE
	EndGlobalSection
	GlobalSection(ExtensibilityGlobals) = postSolution
		SolutionGuid = {12EC7427-6F53-4C79-B0FC-F166299707C5}
	EndGlobalSection
EndGlobal
